# This file is autogenerated, do not edit; changes may be undone by the next 'dep ensure'.


[[projects]]
  digest = "1:74708dc509ede5075931c39871d0de6f569b7f81872638cb98c60d61c25a189c"
  name = "github.com/Masterminds/semver"
  packages = ["."]
  pruneopts = "UT"
  revision = "abff1900528dbdaf6f3f5aa92c398be1eaf2a9f7"
  version = "v1.3.0"

[[projects]]
  digest = "1:b6e4991f0b56fe2528fbf7eab3f0d68209ac5b3d0f180e6959edbb5d0f373f19"
  name = "github.com/Masterminds/sprig"
  packages = ["."]
  pruneopts = "UT"
  revision = "f5b0ed4a680a0943228155eaf6a77a96ead1bc77"

[[projects]]
  digest = "1:b2969fe1606198c2ba1e5ed298c87c7bf3b8525aa96243e700a0ca7dd8f3cec2"
  name = "github.com/aokoli/goutils"
  packages = ["."]
  pruneopts = "UT"
  revision = "e57d01ace047c1a43e6a49ecf3ecc50ed2be81d1"

[[projects]]
  digest = "1:511f7e1ca840c3b8c5761870d8606aa8bdf95f5d422a74fbe0ef3cf210cfe2c9"
  name = "github.com/davecgh/go-spew"
  packages = ["spew"]
  pruneopts = "UT"
  revision = "04cdfd42973bb9c8589fd6a731800cf222fde1a9"

[[projects]]
  digest = "1:80544abec6a93301c477926d6ed12dffce5029ddb34101435d88277f98006844"
  name = "github.com/huandu/xstrings"
  packages = ["."]
  pruneopts = "UT"
  revision = "3959339b333561bf62a38b424fd41517c2c90f40"

[[projects]]
  digest = "1:f56a17eb79c130bf9f2133a9706a1791b76be24028c0935949aecf5944cf6993"
  name = "github.com/imdario/mergo"
  packages = ["."]
  pruneopts = "UT"
  revision = "d806ba8c21777d504a2090a2ca4913c750dd3a33"

[[projects]]
  digest = "1:0a69a1c0db3591fcefb47f115b224592c8dfa4368b7ba9fae509d5e16cdc95c8"
  name = "github.com/konsorten/go-windows-terminal-sequences"
  packages = ["."]
  pruneopts = "UT"
  revision = "5c8c8bd35d3832f5d134ae1e1e375b69a4d25242"
  version = "v1.0.1"

[[projects]]
  digest = "1:08413c4235cad94a96c39e1e2f697789733c4a87d1fdf06b412d2cf2ba49826a"
  name = "github.com/pmezard/go-difflib"
  packages = ["difflib"]
  pruneopts = "UT"
  revision = "d8ed2627bdf02c080bf22230dbb337003b7aba2d"

[[projects]]
  digest = "1:e589afe1921e2b183b1cc58a06d7b36ee703a1fdb3cfc41370903c75a5d00b2a"
  name = "github.com/satori/go.uuid"
  packages = ["."]
  pruneopts = "UT"
  revision = "5bf94b69c6b68ee1b541973bb8e1144db23a194b"

[[projects]]
  digest = "1:69b1cc331fca23d702bd72f860c6a647afd0aa9fcbc1d0659b1365e26546dd70"
  name = "github.com/sirupsen/logrus"
  packages = ["."]
  pruneopts = "UT"
  revision = "bcd833dfe83d3cebad139e4a29ed79cb2318bf95"
  version = "v1.2.0"

[[projects]]
  digest = "1:b566bbc018497ffb47060cab752ed1b899dea649c9cf1c6b54ae13b4f81f4d10"
  name = "github.com/stretchr/testify"
  packages = ["assert"]
  pruneopts = "UT"
  revision = "4d4bfba8f1d1027c4fdbe371823030df51419987"

[[projects]]
  digest = "1:e7f3d912bf067f2ee228dbb95853e6e0917d452239663372eb3bf03068ddb37c"
  name = "golang.org/x/crypto"
  packages = [
    "pbkdf2",
    "scrypt",
    "ssh/terminal",
  ]
  pruneopts = "UT"
  revision = "9477e0b78b9ac3d0b03822fd95422e2fe07627cd"

[[projects]]
  digest = "1:b87e0acacb14282fe3084151766e31b3218d5077182910b6ce9f3e503974775a"
  name = "golang.org/x/sys"
  packages = ["unix"]
  pruneopts = "UT"
  revision = "c200b10b5d5e122be351b67af224adc6128af5bf"

[solve-meta]
  analyzer-name = "dep"
  analyzer-version = 1
  input-imports = [
    "github.com/Masterminds/sprig",
    "github.com/sirupsen/logrus",
    "github.com/stretchr/testify/assert",
  ]
  solver-name = "gps-cdcl"
  solver-version = 1
